{
	"name": "arcaea-difficulty-compare",
	"lockfileVersion": 3,
	"requires": true,
	"packages": {
		"": {
			"dependencies": {
				"html2canvas": "^1.4.1",
				"idb": "^8.0.2",
				"preact": "^10.26.5",
				"preact-iso": "^2.9.1"
			},
			"devDependencies": {
				"typescript": "^5.8.3",
				"wmr": "^3.8.0"
			}
		},
		"node_modules/base64-arraybuffer": {
			"version": "1.0.2",
			"resolved": "https://registry.npmjs.org/base64-arraybuffer/-/base64-arraybuffer-1.0.2.tgz",
			"integrity": "sha512-I3yl4r9QB5ZRY3XuJVEPfc2XhZO6YweFPI+UovAzn+8/hb3oJ6lnysaFcjVpkCPfVWFUDvoZ8kmVDP7WyRtYtQ==",
			"engines": {
				"node": ">= 0.6.0"
			}
		},
		"node_modules/css-line-break": {
			"version": "2.1.0",
			"resolved": "https://registry.npmjs.org/css-line-break/-/css-line-break-2.1.0.tgz",
			"integrity": "sha512-FHcKFCZcAha3LwfVBhCQbW2nCNbkZXn7KVUJcsT5/P8YmfsVja0FMPJr0B903j/E69HUphKiV9iQArX8SDYA4w==",
			"dependencies": {
				"utrie": "^1.0.2"
			}
		},
		"node_modules/fsevents": {
			"version": "2.3.3",
			"resolved": "https://registry.npmjs.org/fsevents/-/fsevents-2.3.3.tgz",
			"integrity": "sha512-5xoDfX+fL7faATnagmWPpbFtwh/R77WmMMqqHGS65C3vvB0YHrgF+B1YmZ3441tMj5n63k0212XNoJwzlhffQw==",
			"dev": true,
			"hasInstallScript": true,
			"optional": true,
			"os": [
				"darwin"
			],
			"engines": {
				"node": "^8.16.0 || ^10.6.0 || >=11.0.0"
			}
		},
		"node_modules/html2canvas": {
			"version": "1.4.1",
			"resolved": "https://registry.npmjs.org/html2canvas/-/html2canvas-1.4.1.tgz",
			"integrity": "sha512-fPU6BHNpsyIhr8yyMpTLLxAbkaK8ArIBcmZIRiBLiDhjeqvXolaEmDGmELFuX9I4xDcaKKcJl+TKZLqruBbmWA==",
			"dependencies": {
				"css-line-break": "^2.1.0",
				"text-segmentation": "^1.0.3"
			},
			"engines": {
				"node": ">=8.0.0"
			}
		},
		"node_modules/idb": {
			"version": "8.0.2",
			"resolved": "https://registry.npmjs.org/idb/-/idb-8.0.2.tgz",
			"integrity": "sha512-CX70rYhx7GDDQzwwQMDwF6kDRQi5vVs6khHUumDrMecBylKkwvZ8HWvKV08AGb7VbpoGCWUQ4aHzNDgoUiOIUg=="
		},
		"node_modules/preact": {
			"version": "10.26.5",
			"resolved": "https://registry.npmjs.org/preact/-/preact-10.26.5.tgz",
			"integrity": "sha512-fmpDkgfGU6JYux9teDWLhj9mKN55tyepwYbxHgQuIxbWQzgFg5vk7Mrrtfx7xRxq798ynkY4DDDxZr235Kk+4w==",
			"funding": {
				"type": "opencollective",
				"url": "https://opencollective.com/preact"
			}
		},
		"node_modules/preact-iso": {
			"version": "2.9.1",
			"resolved": "https://registry.npmjs.org/preact-iso/-/preact-iso-2.9.1.tgz",
			"integrity": "sha512-65+oY5FHeSC3mjq2Dg6v72HYjsTYTqI9hXl1BK6vtUkxwfCqDJ5aqk33zjOH3aSuCY7duWiulyqMQ53GXpPIIQ==",
			"peerDependencies": {
				"preact": ">=10",
				"preact-render-to-string": ">=6.4.0"
			}
		},
		"node_modules/preact-render-to-string": {
			"version": "6.5.13",
			"resolved": "https://registry.npmjs.org/preact-render-to-string/-/preact-render-to-string-6.5.13.tgz",
			"integrity": "sha512-iGPd+hKPMFKsfpR2vL4kJ6ZPcFIoWZEcBf0Dpm3zOpdVvj77aY8RlLiQji5OMrngEyaxGogeakTb54uS2FvA6w==",
			"peer": true,
			"peerDependencies": {
				"preact": ">=10"
			}
		},
		"node_modules/text-segmentation": {
			"version": "1.0.3",
			"resolved": "https://registry.npmjs.org/text-segmentation/-/text-segmentation-1.0.3.tgz",
			"integrity": "sha512-iOiPUo/BGnZ6+54OsWxZidGCsdU8YbE4PSpdPinp7DeMtUJNJBoJ/ouUSTJjHkh1KntHaltHl/gDs2FC4i5+Nw==",
			"dependencies": {
				"utrie": "^1.0.2"
			}
		},
		"node_modules/typescript": {
			"version": "5.8.3",
			"resolved": "https://registry.npmjs.org/typescript/-/typescript-5.8.3.tgz",
			"integrity": "sha512-p1diW6TqL9L07nNxvRMM7hMMw4c5XOo/1ibL4aAIGmSAt9slTE1Xgw5KWuof2uTOvCg9BY7ZRi+GaF+7sfgPeQ==",
			"dev": true,
			"bin": {
				"tsc": "bin/tsc",
				"tsserver": "bin/tsserver"
			},
			"engines": {
				"node": ">=14.17"
			}
		},
		"node_modules/utrie": {
			"version": "1.0.2",
			"resolved": "https://registry.npmjs.org/utrie/-/utrie-1.0.2.tgz",
			"integrity": "sha512-1MLa5ouZiOmQzUbjbu9VmjLzn1QLXBhwpUa7kdLUQK+KQ5KA9I1vk5U4YHe/X2Ch7PYnJfWuWT+VbuxbGwljhw==",
			"dependencies": {
				"base64-arraybuffer": "^1.0.2"
			}
		},
		"node_modules/wmr": {
			"version": "3.8.0",
			"resolved": "https://registry.npmjs.org/wmr/-/wmr-3.8.0.tgz",
			"integrity": "sha512-W3f2nB80C9Y0uNZXWMoxINkz4HdBRxt5MvxmcFcMlO87Ybsf6ny23kVUUzU8RA2LX86CpReMHl2Y0BTMLezLRg==",
			"dev": true,
			"bin": {
				"wmr": "wmr.cjs"
			},
			"engines": {
				"node": ">=12.17.x"
			},
			"optionalDependencies": {
				"fsevents": "^2.1.3"
			}
		}
	}
}
